{
    "_readme": [
        "This file locks the dependencies of your project to a known state",
        "Read more about it at https://getcomposer.org/doc/01-basic-usage.md#composer-lock-the-lock-file",
        "This file is @generated automatically"
    ],
    "hash": "3e434ddf502a1d15d3085e40fb3f1fbe",
    "content-hash": "ad4a793c7619b1769bf504742df77714",
    "packages": [
        {
            "name": "fabfuel/prophiler",
            "version": "dev-master",
            "source": {
                "type": "git",
                "url": "https://github.com/fabfuel/prophiler.git",
                "reference": "67bbcf8b1449824abc180225ae6774a9c8b5c33d"
            },
            "dist": {
                "type": "zip",
                "url": "https://api.github.com/repos/fabfuel/prophiler/zipball/67bbcf8b1449824abc180225ae6774a9c8b5c33d",
                "reference": "67bbcf8b1449824abc180225ae6774a9c8b5c33d",
                "shasum": ""
            },
            "require": {
                "php": "~5.4",
                "psr/log": "~1.0"
            },
            "require-dev": {
                "doctrine/orm": "~2.4",
                "elasticsearch/elasticsearch": "~1.3",
                "erusev/parsedown": "~1.5",
                "fabfuel/mongo": "~0.4",
                "phalcon/devtools": "1.3.*@dev",
                "phpmd/phpmd": "~1.0",
                "phpunit/phpunit": "~4.0",
                "squizlabs/php_codesniffer": "~1.0"
            },
            "suggest": {
                "fabfuel/mongo": "ORM for Mongo, supports lazy loading, object references, subdocument classes and their collections.",
                "phalcon/devtools": "This tools provide you useful scripts, helping to develop applications that use with Phalcon."
            },
            "type": "library",
            "autoload": {
                "psr-0": {
                    "Fabfuel\\Prophiler\\": "src/"
                },
                "classmap": [
                    "tests/"
                ]
            },
            "notification-url": "https://packagist.org/downloads/",
            "license": [
                "BSD-3-Clause"
            ],
            "authors": [
                {
                    "name": "Fabian Fuelling",
                    "email": "fabian@fabfuel.de"
                }
            ],
            "description": "PHP Profiler & Developer Toolbar built for Phalcon",
            "time": "2015-08-08 13:18:29"
        },
        {
            "name": "psr/log",
            "version": "dev-master",
            "source": {
                "type": "git",
                "url": "https://github.com/php-fig/log.git",
                "reference": "9e45edca52cc9c954680072c93e621f8b71fab26"
            },
            "dist": {
                "type": "zip",
                "url": "https://api.github.com/repos/php-fig/log/zipball/9e45edca52cc9c954680072c93e621f8b71fab26",
                "reference": "9e45edca52cc9c954680072c93e621f8b71fab26",
                "shasum": ""
            },
            "require": {
                "php": ">=5.3.0"
            },
            "type": "library",
            "extra": {
                "branch-alias": {
                    "dev-master": "1.0.x-dev"
                }
            },
            "autoload": {
                "psr-4": {
                    "Psr\\Log\\": "Psr/Log/"
                }
            },
            "notification-url": "https://packagist.org/downloads/",
            "license": [
                "MIT"
            ],
            "authors": [
                {
                    "name": "PHP-FIG",
                    "homepage": "http://www.php-fig.org/"
                }
            ],
            "description": "Common interface for logging libraries",
            "keywords": [
                "log",
                "psr",
                "psr-3"
            ],
            "time": "2015-06-02 13:48:41"
        },
        {
            "name": "tienrocker/phalcon-mongo-profiler-collection",
            "version": "dev-master",
            "source": {
                "type": "git",
                "url": "https://github.com/tienrocker/phalcon-mongo-profiler-collection.git",
                "reference": "9a97f2172f9128fff50f62cdd71ce61a55c32bea"
            },
            "type": "library",
            "autoload": {
                "psr-4": {
                    "tienrocker\\": "src/"
                }
            },
            "license": [
                "MIT"
            ],
            "authors": [
                {
                    "name": "tien tran",
                    "email": "tienrocker@gmail.com"
                }
            ],
            "description": "Custom collection for mongodb profiler",
            "time": "2015-09-21 10:35:51"
        }
    ],
    "packages-dev": [],
    "aliases": [],
    "minimum-stability": "dev",
    "stability-flags": [],
    "prefer-stable": false,
    "prefer-lowest": false,
    "platform": [],
    "platform-dev": []
}
